
Microsoft Visual Studio Solution File, Format Version 12.00
# Visual Studio 14
VisualStudioVersion = 14.0.25420.1
MinimumVisualStudioVersion = 10.0.40219.1
Project("{FAE04EC0-301F-11D3-BF4B-00C04F79EFBC}") = "PomodoroTimer.ConsoleApplication", "PomodoroTimer.ConsoleApplication\PomodoroTimer.ConsoleApplication.csproj", "{B54977AB-B08E-4C40-89CB-4BCAAEB6F590}"
EndProject
Project("{FAE04EC0-301F-11D3-BF4B-00C04F79EFBC}") = "PomodoroTimer.Library", "PomodoroTimer.Library\PomodoroTimer.Library.csproj", "{9026F935-1AA0-40B9-920F-E60FA8ACC021}"
EndProject
Project("{FAE04EC0-301F-11D3-BF4B-00C04F79EFBC}") = "PomodoroTimer.UnitTests", "PomodoroTimer.UnitTests\PomodoroTimer.UnitTests.csproj", "{26008E9E-7DB5-4F85-9A5D-18D8D15B7241}"
EndProject
Global
	GlobalSection(SolutionConfigurationPlatforms) = preSolution
		Debug|Any CPU = Debug|Any CPU
		Release|Any CPU = Release|Any CPU
	EndGlobalSection
	GlobalSection(ProjectConfigurationPlatforms) = postSolution
		{B54977AB-B08E-4C40-89CB-4BCAAEB6F590}.Debug|Any CPU.ActiveCfg = Debug|Any CPU
		{B54977AB-B08E-4C40-89CB-4BCAAEB6F590}.Debug|Any CPU.Build.0 = Debug|Any CPU
		{B54977AB-B08E-4C40-89CB-4BCAAEB6F590}.Release|Any CPU.ActiveCfg = Release|Any CPU
		{B54977AB-B08E-4C40-89CB-4BCAAEB6F590}.Release|Any CPU.Build.0 = Release|Any CPU
		{9026F935-1AA0-40B9-920F-E60FA8ACC021}.Debug|Any CPU.ActiveCfg = Debug|Any CPU
		{9026F935-1AA0-40B9-920F-E60FA8ACC021}.Debug|Any CPU.Build.0 = Debug|Any CPU
		{9026F935-1AA0-40B9-920F-E60FA8ACC021}.Release|Any CPU.ActiveCfg = Release|Any CPU
		{9026F935-1AA0-40B9-920F-E60FA8ACC021}.Release|Any CPU.Build.0 = Release|Any CPU
		{26008E9E-7DB5-4F85-9A5D-18D8D15B7241}.Debug|Any CPU.ActiveCfg = Debug|Any CPU
		{26008E9E-7DB5-4F85-9A5D-18D8D15B7241}.Debug|Any CPU.Build.0 = Debug|Any CPU
		{26008E9E-7DB5-4F85-9A5D-18D8D15B7241}.Release|Any CPU.ActiveCfg = Release|Any CPU
		{26008E9E-7DB5-4F85-9A5D-18D8D15B7241}.Release|Any CPU.Build.0 = Release|Any CPU
	EndGlobalSection
	GlobalSection(SolutionProperties) = preSolution
		HideSolutionNode = FALSE
	EndGlobalSection
EndGlobal
